// !$*UTF8*$!
{
	archiveVersion = 1;
	classes = {
	};
	objectVersion = 50;
	objects = {

/* Begin PBXBuildFile section */
		AA5E1E6725A65481005CF55C /* AppDelegate.swift in Sources */ = {isa = PBXBuildFile; fileRef = AA5E1E6625A65481005CF55C /* AppDelegate.swift */; };
		AA5E1E6925A65481005CF55C /* SceneDelegate.swift in Sources */ = {isa = PBXBuildFile; fileRef = AA5E1E6825A65481005CF55C /* SceneDelegate.swift */; };
		AA5E1E6B25A65481005CF55C /* ViewController.swift in Sources */ = {isa = PBXBuildFile; fileRef = AA5E1E6A25A65481005CF55C /* ViewController.swift */; };
		AA5E1E6E25A65481005CF55C /* Main.storyboard in Resources */ = {isa = PBXBuildFile; fileRef = AA5E1E6C25A65481005CF55C /* Main.storyboard */; };
		AA5E1E7025A65486005CF55C /* Assets.xcassets in Resources */ = {isa = PBXBuildFile; fileRef = AA5E1E6F25A65486005CF55C /* Assets.xcassets */; };
		AA5E1E7325A65486005CF55C /* LaunchScreen.storyboard in Resources */ = {isa = PBXBuildFile; fileRef = AA5E1E7125A65486005CF55C /* LaunchScreen.storyboard */; };
		AA5E1E7D25A8FC63005CF55C /* StarViewController.swift in Sources */ = {isa = PBXBuildFile; fileRef = AA5E1E7C25A8FC63005CF55C /* StarViewController.swift */; };
/* End PBXBuildFile section */

/* Begin PBXFileReference section */
		AA5E1E6325A65481005CF55C /* IntergalacticTravelHackwich.app */ = {isa = PBXFileReference; explicitFileType = wrapper.application; includeInIndex = 0; path = IntergalacticTravelHackwich.app; sourceTree = BUILT_PRODUCTS_DIR; };
		AA5E1E6625A65481005CF55C /* AppDelegate.swift */ = {isa = PBXFileReference; lastKnownFileType = sourcecode.swift; path = AppDelegate.swift; sourceTree = "<group>"; };
		AA5E1E6825A65481005CF55C /* SceneDelegate.swift */ = {isa = PBXFileReference; lastKnownFileType = sourcecode.swift; path = SceneDelegate.swift; sourceTree = "<group>"; };
		AA5E1E6A25A65481005CF55C /* ViewController.swift */ = {isa = PBXFileReference; lastKnownFileType = sourcecode.swift; path = ViewController.swift; sourceTree = "<group>"; };
		AA5E1E6D25A65481005CF55C /* Base */ = {isa = PBXFileReference; lastKnownFileType = file.storyboard; name = Base; path = Base.lproj/Main.storyboard; sourceTree = "<group>"; };
		AA5E1E6F25A65486005CF55C /* Assets.xcassets */ = {isa = PBXFileReference; lastKnownFileType = folder.assetcatalog; path = Assets.xcassets; sourceTree = "<group>"; };
		AA5E1E7225A65486005CF55C /* Base */ = {isa = PBXFileReference; lastKnownFileType = file.storyboard; name = Base; path = Base.lproj/LaunchScreen.storyboard; sourceTree = "<group>"; };
		AA5E1E7425A65486005CF55C /* Info.plist */ = {isa = PBXFileReference; lastKnownFileType = text.plist.xml; path = Info.plist; sourceTree = "<group>"; };
		AA5E1E7C25A8FC63005CF55C /* StarViewController.swift */ = {isa = PBXFileReference; lastKnownFileType = sourcecode.swift; path = StarViewController.swift; sourceTree = "<group>"; };
/* End PBXFileReference section */

/* Begin PBXFrameworksBuildPhase section */
		AA5E1E6025A65481005CF55C /* Frameworks */ = {
			isa = PBXFrameworksBuildPhase;
			buildActionMask = 2147483647;
			files = (
			);
			runOnlyForDeploymentPostprocessing = 0;
		};
/* End PBXFrameworksBuildPhase section */

/* Begin PBXGroup section */
		AA5E1E5A25A65481005CF55C = {
			isa = PBXGroup;
			children = (
				AA5E1E6525A65481005CF55C /* IntergalacticTravelHackwich */,
				AA5E1E6425A65481005CF55C /* Products */,
			);
			sourceTree = "<group>";
		};
		AA5E1E6425A65481005CF55C /* Products */ = {
			isa = PBXGroup;
			children = (
				AA5E1E6325A65481005CF55C /* IntergalacticTravelHackwich.app */,
			);
			name = Products;
			sourceTree = "<group>";
		};
		AA5E1E6525A65481005CF55C /* IntergalacticTravelHackwich */ = {
			isa = PBXGroup;
			children = (
				AA5E1E6625A65481005CF55C /* AppDelegate.swift */,
				AA5E1E6825A65481005CF55C /* SceneDelegate.swift */,
				AA5E1E6A25A65481005CF55C /* ViewController.swift */,
				AA5E1E7C25A8FC63005CF55C /* StarViewController.swift */,
				AA5E1E6C25A65481005CF55C /* Main.storyboard */,
				AA5E1E6F25A65486005CF55C /* Assets.xcassets */,
				AA5E1E7125A65486005CF55C /* LaunchScreen.storyboard */,
				AA5E1E7425A65486005CF55C /* Info.plist */,
			);
			path = IntergalacticTravelHackwich;
			sourceTree = "<group>";
		};
/* End PBXGroup section */

/* Begin PBXNativeTarget section */
		AA5E1E6225A65481005CF55C /* IntergalacticTravelHackwich */ = {
			isa = PBXNativeTarget;
			buildConfigurationList = AA5E1E7725A65486005CF55C /* Build configuration list for PBXNativeTarget "IntergalacticTravelHackwich" */;
			buildPhases = (
				AA5E1E5F25A65481005CF55C /* Sources */,
				AA5E1E6025A65481005CF55C /* Frameworks */,
				AA5E1E6125A65481005CF55C /* Resources */,
			);
			buildRules = (
			);
			dependencies = (
			);
			name = IntergalacticTravelHackwich;
			productName = IntergalacticTravelHackwich;
			productReference = AA5E1E6325A65481005CF55C /* IntergalacticTravelHackwich.app */;
			productType = "com.apple.product-type.application";
		};
/* End PBXNativeTarget section */

/* Begin PBXProject section */
		AA5E1E5B25A65481005CF55C /* Project object */ = {
			isa = PBXProject;
			attributes = {
				LastSwiftUpdateCheck = 1230;
				LastUpgradeCheck = 1230;
				TargetAttributes = {
					AA5E1E6225A65481005CF55C = {
						CreatedOnToolsVersion = 12.3;
					};
				};
			};
			buildConfigurationList = AA5E1E5E25A65481005CF55C /* Build configuration list for PBXProject "IntergalacticTravelHackwich" */;
			compatibilityVersion = "Xcode 9.3";
			developmentRegion = en;
			hasScannedForEncodings = 0;
			knownRegions = (
				en,
				Base,
			);
			mainGroup = AA5E1E5A25A65481005CF55C;
			productRefGroup = AA5E1E6425A65481005CF55C /* Products */;
			projectDirPath = "";
			projectRoot = "";
			targets = (
				AA5E1E6225A65481005CF55C /* IntergalacticTravelHackwich */,
			);
		};
/* End PBXProject section */

/* Begin PBXResourcesBuildPhase section */
		AA5E1E6125A65481005CF55C /* Resources */ = {
			isa = PBXResourcesBuildPhase;
			buildActionMask = 2147483647;
			files = (
				AA5E1E7325A65486005CF55C /* LaunchScreen.storyboard in Resources */,
				AA5E1E7025A65486005CF55C /* Assets.xcassets in Resources */,
				AA5E1E6E25A65481005CF55C /* Main.storyboard in Resources */,
			);
			runOnlyForDeploymentPostprocessing = 0;
		};
/* End PBXResourcesBuildPhase section */

/* Begin PBXSourcesBuildPhase section */
		AA5E1E5F25A65481005CF55C /* Sources */ = {
			isa = PBXSourcesBuildPhase;
			buildActionMask = 2147483647;
			files = (
				AA5E1E7D25A8FC63005CF55C /* StarViewController.swift in Sources */,
				AA5E1E6B25A65481005CF55C /* ViewController.swift in Sources */,
				AA5E1E6725A65481005CF55C /* AppDelegate.swift in Sources */,
				AA5E1E6925A65481005CF55C /* SceneDelegate.swift in Sources */,
			);
			runOnlyForDeploymentPostprocessing = 0;
		};
/* End PBXSourcesBuildPhase section */

/* Begin PBXVariantGroup section */
		AA5E1E6C25A65481005CF55C /* Main.storyboard */ = {
			isa = PBXVariantGroup;
			children = (
				AA5E1E6D25A65481005CF55C /* Base */,
			);
			name = Main.storyboard;
			sourceTree = "<group>";
		};
		AA5E1E7125A65486005CF55C /* LaunchScreen.storyboard */ = {
			isa = PBXVariantGroup;
			children = (
				AA5E1E7225A65486005CF55C /* Base */,
			);
			name = LaunchScreen.storyboard;
			sourceTree = "<group>";
		};
/* End PBXVariantGroup section */

/* Begin XCBuildConfiguration section */
		AA5E1E7525A65486005CF55C /* Debug */ = {
			isa = XCBuildConfiguration;
			buildSettings = {
				ALWAYS_SEARCH_USER_PATHS = NO;
				CLANG_ANALYZER_NONNULL = YES;
				CLANG_ANALYZER_NUMBER_OBJECT_CONVERSION = YES_AGGRESSIVE;
				CLANG_CXX_LANGUAGE_STANDARD = "gnu++14";
				CLANG_CXX_LIBRARY = "libc++";
				CLANG_ENABLE_MODULES = YES;
				CLANG_ENABLE_OBJC_ARC = YES;
				CLANG_ENABLE_OBJC_WEAK = YES;
				CLANG_WARN_BLOCK_CAPTURE_AUTORELEASING = YES;
				CLANG_WARN_BOOL_CONVERSION = YES;
				CLANG_WARN_COMMA = YES;
				CLANG_WARN_CONSTANT_CONVERSION = YES;
				CLANG_WARN_DEPRECATED_OBJC_IMPLEMENTATIONS = YES;
				CLANG_WARN_DIRECT_OBJC_ISA_USAGE = YES_ERROR;
				CLANG_WARN_DOCUMENTATION_COMMENTS = YES;
				CLANG_WARN_EMPTY_BODY = YES;
				CLANG_WARN_ENUM_CONVERSION = YES;
				CLANG_WARN_INFINITE_RECURSION = YES;
				CLANG_WARN_INT_CONVERSION = YES;
				CLANG_WARN_NON_LITERAL_NULL_CONVERSION = YES;
				CLANG_WARN_OBJC_IMPLICIT_RETAIN_SELF = YES;
				CLANG_WARN_OBJC_LITERAL_CONVERSION = YES;
				CLANG_WARN_OBJC_ROOT_CLASS = YES_ERROR;
				CLANG_WARN_QUOTED_INCLUDE_IN_FRAMEWORK_HEADER = YES;
				CLANG_WARN_RANGE_LOOP_ANALYSIS = YES;
				CLANG_WARN_STRICT_PROTOTYPES = YES;
				CLANG_WARN_SUSPICIOUS_MOVE = YES;
				CLANG_WARN_UNGUARDED_AVAILABILITY = YES_AGGRESSIVE;
				CLANG_WARN_UNREACHABLE_CODE = YES;
				CLANG_WARN__DUPLICATE_METHOD_MATCH = YES;
				COPY_PHASE_STRIP = NO;
				DEBUG_INFORMATION_FORMAT = dwarf;
				ENABLE_STRICT_OBJC_MSGSEND = YES;
				ENABLE_TESTABILITY = YES;
				GCC_C_LANGUAGE_STANDARD = gnu11;
				GCC_DYNAMIC_NO_PIC = NO;
				GCC_NO_COMMON_BLOCKS = YES;
				GCC_OPTIMIZATION_LEVEL = 0;
				GCC_PREPROCESSOR_DEFINITIONS = (
					"DEBUG=1",
					"$(inherited)",
				);
				GCC_WARN_64_TO_32_BIT_CONVERSION = YES;
				GCC_WARN_ABOUT_RETURN_TYPE = YES_ERROR;
				GCC_WARN_UNDECLARED_SELECTOR = YES;
				GCC_WARN_UNINITIALIZED_AUTOS = YES_AGGRESSIVE;
				GCC_WARN_UNUSED_FUNCTION = YES;
				GCC_WARN_UNUSED_VARIABLE = YES;
				IPHONEOS_DEPLOYMENT_TARGET = 14.3;
				MTL_ENABLE_DEBUG_INFO = INCLUDE_SOURCE;
				MTL_FAST_MATH = YES;
				ONLY_ACTIVE_ARCH = YES;
				SDKROOT = iphoneos;
				SWIFT_ACTIVE_COMPILATION_CONDITIONS = DEBUG;
				SWIFT_OPTIMIZATION_LEVEL = "-Onone";
			};
			name = Debug;
		};
		AA5E1E7625A65486005CF55C /* Release */ = {
			isa = XCBuildConfiguration;
			buildSettings = {
				ALWAYS_SEARCH_USER_PATHS = NO;
				CLANG_ANALYZER_NONNULL = YES;
				CLANG_ANALYZER_NUMBER_OBJECT_CONVERSION = YES_AGGRESSIVE;
				CLANG_CXX_LANGUAGE_STANDARD = "gnu++14";
				CLANG_CXX_LIBRARY = "libc++";
				CLANG_ENABLE_MODULES = YES;
				CLANG_ENABLE_OBJC_ARC = YES;
				CLANG_ENABLE_OBJC_WEAK = YES;
				CLANG_WARN_BLOCK_CAPTURE_AUTORELEASING = YES;
				CLANG_WARN_BOOL_CONVERSION = YES;
				CLANG_WARN_COMMA = YES;
				CLANG_WARN_CONSTANT_CONVERSION = YES;
				CLANG_WARN_DEPRECATED_OBJC_IMPLEMENTATIONS = YES;
				CLANG_WARN_DIRECT_OBJC_ISA_USAGE = YES_ERROR;
				CLANG_WARN_DOCUMENTATION_COMMENTS = YES;
				CLANG_WARN_EMPTY_BODY = YES;
				CLANG_WARN_ENUM_CONVERSION = YES;
				CLANG_WARN_INFINITE_RECURSION = YES;
				CLANG_WARN_INT_CONVERSION = YES;
				CLANG_WARN_NON_LITERAL_NULL_CONVERSION = YES;
				CLANG_WARN_OBJC_IMPLICIT_RETAIN_SELF = YES;
				CLANG_WARN_OBJC_LITERAL_CONVERSION = YES;
				CLANG_WARN_OBJC_ROOT_CLASS = YES_ERROR;
				CLANG_WARN_QUOTED_INCLUDE_IN_FRAMEWORK_HEADER = YES;
				CLANG_WARN_RANGE_LOOP_ANALYSIS = YES;
				CLANG_WARN_STRICT_PROTOTYPES = YES;
				CLANG_WARN_SUSPICIOUS_MOVE = YES;
				CLANG_WARN_UNGUARDED_AVAILABILITY = YES_AGGRESSIVE;
				CLANG_WARN_UNREACHABLE_CODE = YES;
				CLANG_WARN__DUPLICATE_METHOD_MATCH = YES;
				COPY_PHASE_STRIP = NO;
				DEBUG_INFORMATION_FORMAT = "dwarf-with-dsym";
				ENABLE_NS_ASSERTIONS = NO;
				ENABLE_STRICT_OBJC_MSGSEND = YES;
				GCC_C_LANGUAGE_STANDARD = gnu11;
				GCC_NO_COMMON_BLOCKS = YES;
				GCC_WARN_64_TO_32_BIT_CONVERSION = YES;
				GCC_WARN_ABOUT_RETURN_TYPE = YES_ERROR;
				GCC_WARN_UNDECLARED_SELECTOR = YES;
				GCC_WARN_UNINITIALIZED_AUTOS = YES_AGGRESSIVE;
				GCC_WARN_UNUSED_FUNCTION = YES;
				GCC_WARN_UNUSED_VARIABLE = YES;
				IPHONEOS_DEPLOYMENT_TARGET = 14.3;
				MTL_ENABLE_DEBUG_INFO = NO;
				MTL_FAST_MATH = YES;
				SDKROOT = iphoneos;
				SWIFT_COMPILATION_MODE = wholemodule;
				SWIFT_OPTIMIZATION_LEVEL = "-O";
				VALIDATE_PRODUCT = YES;
			};
			name = Release;
		};
		AA5E1E7825A65486005CF55C /* Debug */ = {
			isa = XCBuildConfiguration;
			buildSettings = {
				ASSETCATALOG_COMPILER_APPICON_NAME = AppIcon;
				ASSETCATALOG_COMPILER_GLOBAL_ACCENT_COLOR_NAME = AccentColor;
				CODE_SIGN_STYLE = Automatic;
				INFOPLIST_FILE = IntergalacticTravelHackwich/Info.plist;
				LD_RUNPATH_SEARCH_PATHS = (
					"$(inherited)",
					"@executable_path/Frameworks",
				);
				PRODUCT_BUNDLE_IDENTIFIER = org.d214.jhhs.624514.IntergalacticTravelHackwich;
				PRODUCT_NAME = "$(TARGET_NAME)";
				SWIFT_VERSION = 5.0;
				TARGETED_DEVICE_FAMILY = "1,2";
			};
			name = Debug;
		};
		AA5E1E7925A65486005CF55C /* Release */ = {
			isa = XCBuildConfiguration;
			buildSettings = {
				ASSETCATALOG_COMPILER_APPICON_NAME = AppIcon;
				ASSETCATALOG_COMPILER_GLOBAL_ACCENT_COLOR_NAME = AccentColor;
				CODE_SIGN_STYLE = Automatic;
				INFOPLIST_FILE = IntergalacticTravelHackwich/Info.plist;
				LD_RUNPATH_SEARCH_PATHS = (
					"$(inherited)",
					"@executable_path/Frameworks",
				);
				PRODUCT_BUNDLE_IDENTIFIER = org.d214.jhhs.624514.IntergalacticTravelHackwich;
				PRODUCT_NAME = "$(TARGET_NAME)";
				SWIFT_VERSION = 5.0;
				TARGETED_DEVICE_FAMILY = "1,2";
			};
			name = Release;
		};
/* End XCBuildConfiguration section */

/* Begin XCConfigurationList section */
		AA5E1E5E25A65481005CF55C /* Build configuration list for PBXProject "IntergalacticTravelHackwich" */ = {
			isa = XCConfigurationList;
			buildConfigurations = (
				AA5E1E7525A65486005CF55C /* Debug */,
				AA5E1E7625A65486005CF55C /* Release */,
			);
			defaultConfigurationIsVisible = 0;
			defaultConfigurationName = Release;
		};
		AA5E1E7725A65486005CF55C /* Build configuration list for PBXNativeTarget "IntergalacticTravelHackwich" */ = {
			isa = XCConfigurationList;
			buildConfigurations = (
				AA5E1E7825A65486005CF55C /* Debug */,
				AA5E1E7925A65486005CF55C /* Release */,
			);
			defaultConfigurationIsVisible = 0;
			defaultConfigurationName = Release;
		};
/* End XCConfigurationList section */
	};
	rootObject = AA5E1E5B25A65481005CF55C /* Project object */;
}
